
Microsoft Visual Studio Solution File, Format Version 12.00
# Visual Studio Version 17
VisualStudioVersion = 17.8.34525.116
MinimumVisualStudioVersion = 10.0.40219.1
Project("{FAE04EC0-301F-11D3-BF4B-00C04F79EFBC}") = "API", "API\API.csproj", "{8E9F0493-1F68-41D3-A296-64062B26BCB1}"
EndProject
Project("{FAE04EC0-301F-11D3-BF4B-00C04F79EFBC}") = "APP", "APP\APP.csproj", "{CCE8596C-0F59-40A1-A6F0-827A8A5B2BA5}"
EndProject
Project("{FAE04EC0-301F-11D3-BF4B-00C04F79EFBC}") = "Domain", "Domain\Domain.csproj", "{AF9FAC12-E6E7-44FB-B89E-2E46D9D07673}"
EndProject
Project("{FAE04EC0-301F-11D3-BF4B-00C04F79EFBC}") = "Persistence", "Persistence\Persistence.csproj", "{4F5053B4-BC67-487A-BCF3-BCAEF3C4A749}"
EndProject
Global
	GlobalSection(SolutionConfigurationPlatforms) = preSolution
		Debug|Any CPU = Debug|Any CPU
		Release|Any CPU = Release|Any CPU
	EndGlobalSection
	GlobalSection(ProjectConfigurationPlatforms) = postSolution
		{8E9F0493-1F68-41D3-A296-64062B26BCB1}.Debug|Any CPU.ActiveCfg = Debug|Any CPU
		{8E9F0493-1F68-41D3-A296-64062B26BCB1}.Debug|Any CPU.Build.0 = Debug|Any CPU
		{8E9F0493-1F68-41D3-A296-64062B26BCB1}.Release|Any CPU.ActiveCfg = Release|Any CPU
		{8E9F0493-1F68-41D3-A296-64062B26BCB1}.Release|Any CPU.Build.0 = Release|Any CPU
		{CCE8596C-0F59-40A1-A6F0-827A8A5B2BA5}.Debug|Any CPU.ActiveCfg = Debug|Any CPU
		{CCE8596C-0F59-40A1-A6F0-827A8A5B2BA5}.Debug|Any CPU.Build.0 = Debug|Any CPU
		{CCE8596C-0F59-40A1-A6F0-827A8A5B2BA5}.Release|Any CPU.ActiveCfg = Release|Any CPU
		{CCE8596C-0F59-40A1-A6F0-827A8A5B2BA5}.Release|Any CPU.Build.0 = Release|Any CPU
		{AF9FAC12-E6E7-44FB-B89E-2E46D9D07673}.Debug|Any CPU.ActiveCfg = Debug|Any CPU
		{AF9FAC12-E6E7-44FB-B89E-2E46D9D07673}.Debug|Any CPU.Build.0 = Debug|Any CPU
		{AF9FAC12-E6E7-44FB-B89E-2E46D9D07673}.Release|Any CPU.ActiveCfg = Release|Any CPU
		{AF9FAC12-E6E7-44FB-B89E-2E46D9D07673}.Release|Any CPU.Build.0 = Release|Any CPU
		{4F5053B4-BC67-487A-BCF3-BCAEF3C4A749}.Debug|Any CPU.ActiveCfg = Debug|Any CPU
		{4F5053B4-BC67-487A-BCF3-BCAEF3C4A749}.Debug|Any CPU.Build.0 = Debug|Any CPU
		{4F5053B4-BC67-487A-BCF3-BCAEF3C4A749}.Release|Any CPU.ActiveCfg = Release|Any CPU
		{4F5053B4-BC67-487A-BCF3-BCAEF3C4A749}.Release|Any CPU.Build.0 = Release|Any CPU
	EndGlobalSection
	GlobalSection(SolutionProperties) = preSolution
		HideSolutionNode = FALSE
	EndGlobalSection
	GlobalSection(ExtensibilityGlobals) = postSolution
		SolutionGuid = {076F90AF-CAC5-4EC7-9DC3-4D81BFCBBDB9}
	EndGlobalSection
EndGlobal
